
Microsoft Visual Studio Solution File, Format Version 12.00
# Visual Studio 2013
VisualStudioVersion = 12.0.30501.0
MinimumVisualStudioVersion = 10.0.40219.1
Project("{2150E333-8FDC-42A3-9474-1A3956D46DE8}") = ".nuget", ".nuget", "{BBBABFF2-929B-4DED-8EB4-98B66C9AF67D}"
	ProjectSection(SolutionItems) = preProject
		.nuget\NuGet.Config = .nuget\NuGet.Config
		.nuget\NuGet.exe = .nuget\NuGet.exe
		.nuget\NuGet.targets = .nuget\NuGet.targets
	EndProjectSection
EndProject
Project("{FAE04EC0-301F-11D3-BF4B-00C04F79EFBC}") = "Organon.WP8", "Organon.WP8\Organon.WP8.csproj", "{A53DBC0F-52AC-492A-9810-C6BD99DB9E69}"
EndProject
Project("{FAE04EC0-301F-11D3-BF4B-00C04F79EFBC}") = "Organon.Win8", "Organon.Win8\Organon.Win8.csproj", "{C5A2CC58-43C7-4E7D-9347-14D344D69419}"
EndProject
Project("{FAE04EC0-301F-11D3-BF4B-00C04F79EFBC}") = "Organon.WP8.Controls", "Organon.WP8.Controls\Organon.WP8.Controls.csproj", "{1A8073FD-4B98-4D44-91FA-7CDBE752DAB5}"
EndProject
Project("{2150E333-8FDC-42A3-9474-1A3956D46DE8}") = "Organon.Controls", "Organon.Controls", "{7A0DF694-ABA6-4881-ABBD-3B1E50D0C4D9}"
EndProject
Project("{D954291E-2A0B-460D-934E-DC6B0785DB48}") = "Organon.Controls.Shared", "Organon.Controls.Shared\Organon.Controls.Shared.shproj", "{CDB168D7-1F7A-40F2-9A38-2213FE2842BE}"
EndProject
Project("{FAE04EC0-301F-11D3-BF4B-00C04F79EFBC}") = "Organon.Controls.Phone", "Organon.Controls.Phone\Organon.Controls.Phone.csproj", "{FA9806AB-024F-47AD-AC43-EBF9F3998756}"
EndProject
Project("{FAE04EC0-301F-11D3-BF4B-00C04F79EFBC}") = "Organon.Controls.Windows", "Organon.Controls.Windows\Organon.Controls.Windows.csproj", "{8BE6C872-0671-4D62-B5C1-E0135432B57D}"
EndProject
Global
	GlobalSection(SharedMSBuildProjectFiles) = preSolution
		Organon.Controls.Shared\Organon.Controls.Shared.projitems*{cdb168d7-1f7a-40f2-9a38-2213fe2842be}*SharedItemsImports = 13
		Organon.Controls.Shared\Organon.Controls.Shared.projitems*{fa9806ab-024f-47ad-ac43-ebf9f3998756}*SharedItemsImports = 4
		Organon.Controls.Shared\Organon.Controls.Shared.projitems*{8be6c872-0671-4d62-b5c1-e0135432b57d}*SharedItemsImports = 4
	EndGlobalSection
	GlobalSection(SolutionConfigurationPlatforms) = preSolution
		Debug|Any CPU = Debug|Any CPU
		Debug|ARM = Debug|ARM
		Debug|x64 = Debug|x64
		Debug|x86 = Debug|x86
		Release|Any CPU = Release|Any CPU
		Release|ARM = Release|ARM
		Release|x64 = Release|x64
		Release|x86 = Release|x86
	EndGlobalSection
	GlobalSection(ProjectConfigurationPlatforms) = postSolution
		{A53DBC0F-52AC-492A-9810-C6BD99DB9E69}.Debug|Any CPU.ActiveCfg = Debug|Any CPU
		{A53DBC0F-52AC-492A-9810-C6BD99DB9E69}.Debug|Any CPU.Build.0 = Debug|Any CPU
		{A53DBC0F-52AC-492A-9810-C6BD99DB9E69}.Debug|Any CPU.Deploy.0 = Debug|Any CPU
		{A53DBC0F-52AC-492A-9810-C6BD99DB9E69}.Debug|ARM.ActiveCfg = Debug|ARM
		{A53DBC0F-52AC-492A-9810-C6BD99DB9E69}.Debug|ARM.Build.0 = Debug|ARM
		{A53DBC0F-52AC-492A-9810-C6BD99DB9E69}.Debug|ARM.Deploy.0 = Debug|ARM
		{A53DBC0F-52AC-492A-9810-C6BD99DB9E69}.Debug|x64.ActiveCfg = Debug|Any CPU
		{A53DBC0F-52AC-492A-9810-C6BD99DB9E69}.Debug|x86.ActiveCfg = Debug|x86
		{A53DBC0F-52AC-492A-9810-C6BD99DB9E69}.Debug|x86.Build.0 = Debug|x86
		{A53DBC0F-52AC-492A-9810-C6BD99DB9E69}.Debug|x86.Deploy.0 = Debug|x86
		{A53DBC0F-52AC-492A-9810-C6BD99DB9E69}.Release|Any CPU.ActiveCfg = Release|Any CPU
		{A53DBC0F-52AC-492A-9810-C6BD99DB9E69}.Release|Any CPU.Build.0 = Release|Any CPU
		{A53DBC0F-52AC-492A-9810-C6BD99DB9E69}.Release|Any CPU.Deploy.0 = Release|Any CPU
		{A53DBC0F-52AC-492A-9810-C6BD99DB9E69}.Release|ARM.ActiveCfg = Release|ARM
		{A53DBC0F-52AC-492A-9810-C6BD99DB9E69}.Release|ARM.Build.0 = Release|ARM
		{A53DBC0F-52AC-492A-9810-C6BD99DB9E69}.Release|ARM.Deploy.0 = Release|ARM
		{A53DBC0F-52AC-492A-9810-C6BD99DB9E69}.Release|x64.ActiveCfg = Release|Any CPU
		{A53DBC0F-52AC-492A-9810-C6BD99DB9E69}.Release|x86.ActiveCfg = Release|x86
		{A53DBC0F-52AC-492A-9810-C6BD99DB9E69}.Release|x86.Build.0 = Release|x86
		{A53DBC0F-52AC-492A-9810-C6BD99DB9E69}.Release|x86.Deploy.0 = Release|x86
		{C5A2CC58-43C7-4E7D-9347-14D344D69419}.Debug|Any CPU.ActiveCfg = Debug|Any CPU
		{C5A2CC58-43C7-4E7D-9347-14D344D69419}.Debug|Any CPU.Build.0 = Debug|Any CPU
		{C5A2CC58-43C7-4E7D-9347-14D344D69419}.Debug|Any CPU.Deploy.0 = Debug|Any CPU
		{C5A2CC58-43C7-4E7D-9347-14D344D69419}.Debug|ARM.ActiveCfg = Debug|ARM
		{C5A2CC58-43C7-4E7D-9347-14D344D69419}.Debug|ARM.Build.0 = Debug|ARM
		{C5A2CC58-43C7-4E7D-9347-14D344D69419}.Debug|ARM.Deploy.0 = Debug|ARM
		{C5A2CC58-43C7-4E7D-9347-14D344D69419}.Debug|x64.ActiveCfg = Debug|x64
		{C5A2CC58-43C7-4E7D-9347-14D344D69419}.Debug|x64.Build.0 = Debug|x64
		{C5A2CC58-43C7-4E7D-9347-14D344D69419}.Debug|x64.Deploy.0 = Debug|x64
		{C5A2CC58-43C7-4E7D-9347-14D344D69419}.Debug|x86.ActiveCfg = Debug|x86
		{C5A2CC58-43C7-4E7D-9347-14D344D69419}.Debug|x86.Build.0 = Debug|x86
		{C5A2CC58-43C7-4E7D-9347-14D344D69419}.Debug|x86.Deploy.0 = Debug|x86
		{C5A2CC58-43C7-4E7D-9347-14D344D69419}.Release|Any CPU.ActiveCfg = Release|Any CPU
		{C5A2CC58-43C7-4E7D-9347-14D344D69419}.Release|Any CPU.Build.0 = Release|Any CPU
		{C5A2CC58-43C7-4E7D-9347-14D344D69419}.Release|Any CPU.Deploy.0 = Release|Any CPU
		{C5A2CC58-43C7-4E7D-9347-14D344D69419}.Release|ARM.ActiveCfg = Release|ARM
		{C5A2CC58-43C7-4E7D-9347-14D344D69419}.Release|ARM.Build.0 = Release|ARM
		{C5A2CC58-43C7-4E7D-9347-14D344D69419}.Release|ARM.Deploy.0 = Release|ARM
		{C5A2CC58-43C7-4E7D-9347-14D344D69419}.Release|x64.ActiveCfg = Release|x64
		{C5A2CC58-43C7-4E7D-9347-14D344D69419}.Release|x64.Build.0 = Release|x64
		{C5A2CC58-43C7-4E7D-9347-14D344D69419}.Release|x64.Deploy.0 = Release|x64
		{C5A2CC58-43C7-4E7D-9347-14D344D69419}.Release|x86.ActiveCfg = Release|x86
		{C5A2CC58-43C7-4E7D-9347-14D344D69419}.Release|x86.Build.0 = Release|x86
		{C5A2CC58-43C7-4E7D-9347-14D344D69419}.Release|x86.Deploy.0 = Release|x86
		{1A8073FD-4B98-4D44-91FA-7CDBE752DAB5}.Debug|Any CPU.ActiveCfg = Debug|Any CPU
		{1A8073FD-4B98-4D44-91FA-7CDBE752DAB5}.Debug|Any CPU.Build.0 = Debug|Any CPU
		{1A8073FD-4B98-4D44-91FA-7CDBE752DAB5}.Debug|ARM.ActiveCfg = Debug|ARM
		{1A8073FD-4B98-4D44-91FA-7CDBE752DAB5}.Debug|ARM.Build.0 = Debug|ARM
		{1A8073FD-4B98-4D44-91FA-7CDBE752DAB5}.Debug|x64.ActiveCfg = Debug|Any CPU
		{1A8073FD-4B98-4D44-91FA-7CDBE752DAB5}.Debug|x86.ActiveCfg = Debug|x86
		{1A8073FD-4B98-4D44-91FA-7CDBE752DAB5}.Debug|x86.Build.0 = Debug|x86
		{1A8073FD-4B98-4D44-91FA-7CDBE752DAB5}.Release|Any CPU.ActiveCfg = Release|Any CPU
		{1A8073FD-4B98-4D44-91FA-7CDBE752DAB5}.Release|Any CPU.Build.0 = Release|Any CPU
		{1A8073FD-4B98-4D44-91FA-7CDBE752DAB5}.Release|ARM.ActiveCfg = Release|ARM
		{1A8073FD-4B98-4D44-91FA-7CDBE752DAB5}.Release|ARM.Build.0 = Release|ARM
		{1A8073FD-4B98-4D44-91FA-7CDBE752DAB5}.Release|x64.ActiveCfg = Release|Any CPU
		{1A8073FD-4B98-4D44-91FA-7CDBE752DAB5}.Release|x86.ActiveCfg = Release|x86
		{1A8073FD-4B98-4D44-91FA-7CDBE752DAB5}.Release|x86.Build.0 = Release|x86
		{FA9806AB-024F-47AD-AC43-EBF9F3998756}.Debug|Any CPU.ActiveCfg = Debug|Any CPU
		{FA9806AB-024F-47AD-AC43-EBF9F3998756}.Debug|Any CPU.Build.0 = Debug|Any CPU
		{FA9806AB-024F-47AD-AC43-EBF9F3998756}.Debug|ARM.ActiveCfg = Debug|ARM
		{FA9806AB-024F-47AD-AC43-EBF9F3998756}.Debug|ARM.Build.0 = Debug|ARM
		{FA9806AB-024F-47AD-AC43-EBF9F3998756}.Debug|x64.ActiveCfg = Debug|Any CPU
		{FA9806AB-024F-47AD-AC43-EBF9F3998756}.Debug|x86.ActiveCfg = Debug|x86
		{FA9806AB-024F-47AD-AC43-EBF9F3998756}.Debug|x86.Build.0 = Debug|x86
		{FA9806AB-024F-47AD-AC43-EBF9F3998756}.Release|Any CPU.ActiveCfg = Release|Any CPU
		{FA9806AB-024F-47AD-AC43-EBF9F3998756}.Release|Any CPU.Build.0 = Release|Any CPU
		{FA9806AB-024F-47AD-AC43-EBF9F3998756}.Release|ARM.ActiveCfg = Release|ARM
		{FA9806AB-024F-47AD-AC43-EBF9F3998756}.Release|ARM.Build.0 = Release|ARM
		{FA9806AB-024F-47AD-AC43-EBF9F3998756}.Release|x64.ActiveCfg = Release|Any CPU
		{FA9806AB-024F-47AD-AC43-EBF9F3998756}.Release|x86.ActiveCfg = Release|x86
		{FA9806AB-024F-47AD-AC43-EBF9F3998756}.Release|x86.Build.0 = Release|x86
		{8BE6C872-0671-4D62-B5C1-E0135432B57D}.Debug|Any CPU.ActiveCfg = Debug|Any CPU
		{8BE6C872-0671-4D62-B5C1-E0135432B57D}.Debug|Any CPU.Build.0 = Debug|Any CPU
		{8BE6C872-0671-4D62-B5C1-E0135432B57D}.Debug|ARM.ActiveCfg = Debug|ARM
		{8BE6C872-0671-4D62-B5C1-E0135432B57D}.Debug|ARM.Build.0 = Debug|ARM
		{8BE6C872-0671-4D62-B5C1-E0135432B57D}.Debug|x64.ActiveCfg = Debug|x64
		{8BE6C872-0671-4D62-B5C1-E0135432B57D}.Debug|x64.Build.0 = Debug|x64
		{8BE6C872-0671-4D62-B5C1-E0135432B57D}.Debug|x86.ActiveCfg = Debug|x86
		{8BE6C872-0671-4D62-B5C1-E0135432B57D}.Debug|x86.Build.0 = Debug|x86
		{8BE6C872-0671-4D62-B5C1-E0135432B57D}.Release|Any CPU.ActiveCfg = Release|Any CPU
		{8BE6C872-0671-4D62-B5C1-E0135432B57D}.Release|Any CPU.Build.0 = Release|Any CPU
		{8BE6C872-0671-4D62-B5C1-E0135432B57D}.Release|ARM.ActiveCfg = Release|ARM
		{8BE6C872-0671-4D62-B5C1-E0135432B57D}.Release|ARM.Build.0 = Release|ARM
		{8BE6C872-0671-4D62-B5C1-E0135432B57D}.Release|x64.ActiveCfg = Release|x64
		{8BE6C872-0671-4D62-B5C1-E0135432B57D}.Release|x64.Build.0 = Release|x64
		{8BE6C872-0671-4D62-B5C1-E0135432B57D}.Release|x86.ActiveCfg = Release|x86
		{8BE6C872-0671-4D62-B5C1-E0135432B57D}.Release|x86.Build.0 = Release|x86
	EndGlobalSection
	GlobalSection(SolutionProperties) = preSolution
		HideSolutionNode = FALSE
	EndGlobalSection
	GlobalSection(NestedProjects) = preSolution
		{CDB168D7-1F7A-40F2-9A38-2213FE2842BE} = {7A0DF694-ABA6-4881-ABBD-3B1E50D0C4D9}
		{FA9806AB-024F-47AD-AC43-EBF9F3998756} = {7A0DF694-ABA6-4881-ABBD-3B1E50D0C4D9}
		{8BE6C872-0671-4D62-B5C1-E0135432B57D} = {7A0DF694-ABA6-4881-ABBD-3B1E50D0C4D9}
	EndGlobalSection
EndGlobal
