
Microsoft Visual Studio Solution File, Format Version 12.00
# Visual Studio 14
VisualStudioVersion = 14.0.25420.1
MinimumVisualStudioVersion = 10.0.40219.1
Project("{FAE04EC0-301F-11D3-BF4B-00C04F79EFBC}") = "Organon.XForms.Effects", "Organon.XForms.Effects\Organon.XForms.Effects\Organon.XForms.Effects.csproj", "{67F9D3A8-F71E-4428-913F-C37AE82CDB24}"
EndProject
Project("{FAE04EC0-301F-11D3-BF4B-00C04F79EFBC}") = "Organon.XForms.Effects.iOS", "Organon.XForms.Effects\Organon.XForms.Effects.iOS\Organon.XForms.Effects.iOS.csproj", "{F09F8CAF-701A-4673-A880-1580ACCB926B}"
EndProject
Project("{FAE04EC0-301F-11D3-BF4B-00C04F79EFBC}") = "Organon.XForms.Effects.Droid", "Organon.XForms.Effects\Organon.XForms.Effects.Droid\Organon.XForms.Effects.Droid.csproj", "{88DC2010-BE3A-4B86-A72F-3DF68413858B}"
EndProject
Global
	GlobalSection(SolutionConfigurationPlatforms) = preSolution
		Debug|Any CPU = Debug|Any CPU
		Release|Any CPU = Release|Any CPU
	EndGlobalSection
	GlobalSection(ProjectConfigurationPlatforms) = postSolution
		{67F9D3A8-F71E-4428-913F-C37AE82CDB24}.Debug|Any CPU.ActiveCfg = Debug|Any CPU
		{67F9D3A8-F71E-4428-913F-C37AE82CDB24}.Debug|Any CPU.Build.0 = Debug|Any CPU
		{67F9D3A8-F71E-4428-913F-C37AE82CDB24}.Release|Any CPU.ActiveCfg = Release|Any CPU
		{67F9D3A8-F71E-4428-913F-C37AE82CDB24}.Release|Any CPU.Build.0 = Release|Any CPU
		{F09F8CAF-701A-4673-A880-1580ACCB926B}.Debug|Any CPU.ActiveCfg = Debug|Any CPU
		{F09F8CAF-701A-4673-A880-1580ACCB926B}.Debug|Any CPU.Build.0 = Debug|Any CPU
		{F09F8CAF-701A-4673-A880-1580ACCB926B}.Release|Any CPU.ActiveCfg = Release|Any CPU
		{F09F8CAF-701A-4673-A880-1580ACCB926B}.Release|Any CPU.Build.0 = Release|Any CPU
		{88DC2010-BE3A-4B86-A72F-3DF68413858B}.Debug|Any CPU.ActiveCfg = Debug|Any CPU
		{88DC2010-BE3A-4B86-A72F-3DF68413858B}.Debug|Any CPU.Build.0 = Debug|Any CPU
		{88DC2010-BE3A-4B86-A72F-3DF68413858B}.Release|Any CPU.ActiveCfg = Release|Any CPU
		{88DC2010-BE3A-4B86-A72F-3DF68413858B}.Release|Any CPU.Build.0 = Release|Any CPU
	EndGlobalSection
	GlobalSection(SolutionProperties) = preSolution
		HideSolutionNode = FALSE
	EndGlobalSection
EndGlobal
