
Microsoft Visual Studio Solution File, Format Version 12.00
# Visual Studio 2013
VisualStudioVersion = 12.0.30110.0
MinimumVisualStudioVersion = 10.0.40219.1
Project("{FAE04EC0-301F-11D3-BF4B-00C04F79EFBC}") = "Win8.Organon", "Win8.Organon\Win8.Organon.csproj", "{C5A2CC58-43C7-4E7D-9347-14D344D69419}"
EndProject
Project("{2150E333-8FDC-42A3-9474-1A3956D46DE8}") = ".nuget", ".nuget", "{BBBABFF2-929B-4DED-8EB4-98B66C9AF67D}"
	ProjectSection(SolutionItems) = preProject
		.nuget\NuGet.Config = .nuget\NuGet.Config
		.nuget\NuGet.exe = .nuget\NuGet.exe
		.nuget\NuGet.targets = .nuget\NuGet.targets
	EndProjectSection
EndProject
Global
	GlobalSection(SolutionConfigurationPlatforms) = preSolution
		Debug|Any CPU = Debug|Any CPU
		Debug|ARM = Debug|ARM
		Debug|x64 = Debug|x64
		Debug|x86 = Debug|x86
		Release|Any CPU = Release|Any CPU
		Release|ARM = Release|ARM
		Release|x64 = Release|x64
		Release|x86 = Release|x86
	EndGlobalSection
	GlobalSection(ProjectConfigurationPlatforms) = postSolution
		{C5A2CC58-43C7-4E7D-9347-14D344D69419}.Debug|Any CPU.ActiveCfg = Debug|Any CPU
		{C5A2CC58-43C7-4E7D-9347-14D344D69419}.Debug|Any CPU.Build.0 = Debug|Any CPU
		{C5A2CC58-43C7-4E7D-9347-14D344D69419}.Debug|Any CPU.Deploy.0 = Debug|Any CPU
		{C5A2CC58-43C7-4E7D-9347-14D344D69419}.Debug|ARM.ActiveCfg = Debug|ARM
		{C5A2CC58-43C7-4E7D-9347-14D344D69419}.Debug|ARM.Build.0 = Debug|ARM
		{C5A2CC58-43C7-4E7D-9347-14D344D69419}.Debug|ARM.Deploy.0 = Debug|ARM
		{C5A2CC58-43C7-4E7D-9347-14D344D69419}.Debug|x64.ActiveCfg = Debug|x64
		{C5A2CC58-43C7-4E7D-9347-14D344D69419}.Debug|x64.Build.0 = Debug|x64
		{C5A2CC58-43C7-4E7D-9347-14D344D69419}.Debug|x64.Deploy.0 = Debug|x64
		{C5A2CC58-43C7-4E7D-9347-14D344D69419}.Debug|x86.ActiveCfg = Debug|x86
		{C5A2CC58-43C7-4E7D-9347-14D344D69419}.Debug|x86.Build.0 = Debug|x86
		{C5A2CC58-43C7-4E7D-9347-14D344D69419}.Debug|x86.Deploy.0 = Debug|x86
		{C5A2CC58-43C7-4E7D-9347-14D344D69419}.Release|Any CPU.ActiveCfg = Release|Any CPU
		{C5A2CC58-43C7-4E7D-9347-14D344D69419}.Release|Any CPU.Build.0 = Release|Any CPU
		{C5A2CC58-43C7-4E7D-9347-14D344D69419}.Release|Any CPU.Deploy.0 = Release|Any CPU
		{C5A2CC58-43C7-4E7D-9347-14D344D69419}.Release|ARM.ActiveCfg = Release|ARM
		{C5A2CC58-43C7-4E7D-9347-14D344D69419}.Release|ARM.Build.0 = Release|ARM
		{C5A2CC58-43C7-4E7D-9347-14D344D69419}.Release|ARM.Deploy.0 = Release|ARM
		{C5A2CC58-43C7-4E7D-9347-14D344D69419}.Release|x64.ActiveCfg = Release|x64
		{C5A2CC58-43C7-4E7D-9347-14D344D69419}.Release|x64.Build.0 = Release|x64
		{C5A2CC58-43C7-4E7D-9347-14D344D69419}.Release|x64.Deploy.0 = Release|x64
		{C5A2CC58-43C7-4E7D-9347-14D344D69419}.Release|x86.ActiveCfg = Release|x86
		{C5A2CC58-43C7-4E7D-9347-14D344D69419}.Release|x86.Build.0 = Release|x86
		{C5A2CC58-43C7-4E7D-9347-14D344D69419}.Release|x86.Deploy.0 = Release|x86
	EndGlobalSection
	GlobalSection(SolutionProperties) = preSolution
		HideSolutionNode = FALSE
	EndGlobalSection
EndGlobal
