
Microsoft Visual Studio Solution File, Format Version 12.00
# Visual Studio 2013
VisualStudioVersion = 12.0.21005.1
MinimumVisualStudioVersion = 10.0.40219.1
Project("{2150E333-8FDC-42A3-9474-1A3956D46DE8}") = ".nuget", ".nuget", "{BBBABFF2-929B-4DED-8EB4-98B66C9AF67D}"
	ProjectSection(SolutionItems) = preProject
		.nuget\NuGet.Config = .nuget\NuGet.Config
		.nuget\NuGet.exe = .nuget\NuGet.exe
		.nuget\NuGet.targets = .nuget\NuGet.targets
	EndProjectSection
EndProject
Project("{FAE04EC0-301F-11D3-BF4B-00C04F79EFBC}") = "Organon.WP8", "Organon.WP8\Organon.WP8.csproj", "{A53DBC0F-52AC-492A-9810-C6BD99DB9E69}"
EndProject
Project("{FAE04EC0-301F-11D3-BF4B-00C04F79EFBC}") = "Organon.Win8", "Organon.Win8\Organon.Win8.csproj", "{C5A2CC58-43C7-4E7D-9347-14D344D69419}"
EndProject
Project("{FAE04EC0-301F-11D3-BF4B-00C04F79EFBC}") = "Organon.WP8.Controls", "Organon.WP8.Controls\Organon.WP8.Controls.csproj", "{1A8073FD-4B98-4D44-91FA-7CDBE752DAB5}"
EndProject
Project("{FAE04EC0-301F-11D3-BF4B-00C04F79EFBC}") = "Organon.Controls", "Organon.Controls\Organon.Controls.csproj", "{04189912-3FBB-46B9-B7A4-A32DBA206ABB}"
EndProject
Global
	GlobalSection(SolutionConfigurationPlatforms) = preSolution
		Debug|Any CPU = Debug|Any CPU
		Debug|ARM = Debug|ARM
		Debug|x64 = Debug|x64
		Debug|x86 = Debug|x86
		Release|Any CPU = Release|Any CPU
		Release|ARM = Release|ARM
		Release|x64 = Release|x64
		Release|x86 = Release|x86
	EndGlobalSection
	GlobalSection(ProjectConfigurationPlatforms) = postSolution
		{A53DBC0F-52AC-492A-9810-C6BD99DB9E69}.Debug|Any CPU.ActiveCfg = Debug|Any CPU
		{A53DBC0F-52AC-492A-9810-C6BD99DB9E69}.Debug|Any CPU.Build.0 = Debug|Any CPU
		{A53DBC0F-52AC-492A-9810-C6BD99DB9E69}.Debug|Any CPU.Deploy.0 = Debug|Any CPU
		{A53DBC0F-52AC-492A-9810-C6BD99DB9E69}.Debug|ARM.ActiveCfg = Debug|ARM
		{A53DBC0F-52AC-492A-9810-C6BD99DB9E69}.Debug|ARM.Build.0 = Debug|ARM
		{A53DBC0F-52AC-492A-9810-C6BD99DB9E69}.Debug|ARM.Deploy.0 = Debug|ARM
		{A53DBC0F-52AC-492A-9810-C6BD99DB9E69}.Debug|x64.ActiveCfg = Debug|Any CPU
		{A53DBC0F-52AC-492A-9810-C6BD99DB9E69}.Debug|x86.ActiveCfg = Debug|x86
		{A53DBC0F-52AC-492A-9810-C6BD99DB9E69}.Debug|x86.Build.0 = Debug|x86
		{A53DBC0F-52AC-492A-9810-C6BD99DB9E69}.Debug|x86.Deploy.0 = Debug|x86
		{A53DBC0F-52AC-492A-9810-C6BD99DB9E69}.Release|Any CPU.ActiveCfg = Release|Any CPU
		{A53DBC0F-52AC-492A-9810-C6BD99DB9E69}.Release|Any CPU.Build.0 = Release|Any CPU
		{A53DBC0F-52AC-492A-9810-C6BD99DB9E69}.Release|Any CPU.Deploy.0 = Release|Any CPU
		{A53DBC0F-52AC-492A-9810-C6BD99DB9E69}.Release|ARM.ActiveCfg = Release|ARM
		{A53DBC0F-52AC-492A-9810-C6BD99DB9E69}.Release|ARM.Build.0 = Release|ARM
		{A53DBC0F-52AC-492A-9810-C6BD99DB9E69}.Release|ARM.Deploy.0 = Release|ARM
		{A53DBC0F-52AC-492A-9810-C6BD99DB9E69}.Release|x64.ActiveCfg = Release|Any CPU
		{A53DBC0F-52AC-492A-9810-C6BD99DB9E69}.Release|x86.ActiveCfg = Release|x86
		{A53DBC0F-52AC-492A-9810-C6BD99DB9E69}.Release|x86.Build.0 = Release|x86
		{A53DBC0F-52AC-492A-9810-C6BD99DB9E69}.Release|x86.Deploy.0 = Release|x86
		{C5A2CC58-43C7-4E7D-9347-14D344D69419}.Debug|Any CPU.ActiveCfg = Debug|Any CPU
		{C5A2CC58-43C7-4E7D-9347-14D344D69419}.Debug|Any CPU.Build.0 = Debug|Any CPU
		{C5A2CC58-43C7-4E7D-9347-14D344D69419}.Debug|Any CPU.Deploy.0 = Debug|Any CPU
		{C5A2CC58-43C7-4E7D-9347-14D344D69419}.Debug|ARM.ActiveCfg = Debug|ARM
		{C5A2CC58-43C7-4E7D-9347-14D344D69419}.Debug|ARM.Build.0 = Debug|ARM
		{C5A2CC58-43C7-4E7D-9347-14D344D69419}.Debug|ARM.Deploy.0 = Debug|ARM
		{C5A2CC58-43C7-4E7D-9347-14D344D69419}.Debug|x64.ActiveCfg = Debug|x64
		{C5A2CC58-43C7-4E7D-9347-14D344D69419}.Debug|x64.Build.0 = Debug|x64
		{C5A2CC58-43C7-4E7D-9347-14D344D69419}.Debug|x64.Deploy.0 = Debug|x64
		{C5A2CC58-43C7-4E7D-9347-14D344D69419}.Debug|x86.ActiveCfg = Debug|x86
		{C5A2CC58-43C7-4E7D-9347-14D344D69419}.Debug|x86.Build.0 = Debug|x86
		{C5A2CC58-43C7-4E7D-9347-14D344D69419}.Debug|x86.Deploy.0 = Debug|x86
		{C5A2CC58-43C7-4E7D-9347-14D344D69419}.Release|Any CPU.ActiveCfg = Release|Any CPU
		{C5A2CC58-43C7-4E7D-9347-14D344D69419}.Release|Any CPU.Build.0 = Release|Any CPU
		{C5A2CC58-43C7-4E7D-9347-14D344D69419}.Release|Any CPU.Deploy.0 = Release|Any CPU
		{C5A2CC58-43C7-4E7D-9347-14D344D69419}.Release|ARM.ActiveCfg = Release|ARM
		{C5A2CC58-43C7-4E7D-9347-14D344D69419}.Release|ARM.Build.0 = Release|ARM
		{C5A2CC58-43C7-4E7D-9347-14D344D69419}.Release|ARM.Deploy.0 = Release|ARM
		{C5A2CC58-43C7-4E7D-9347-14D344D69419}.Release|x64.ActiveCfg = Release|x64
		{C5A2CC58-43C7-4E7D-9347-14D344D69419}.Release|x64.Build.0 = Release|x64
		{C5A2CC58-43C7-4E7D-9347-14D344D69419}.Release|x64.Deploy.0 = Release|x64
		{C5A2CC58-43C7-4E7D-9347-14D344D69419}.Release|x86.ActiveCfg = Release|x86
		{C5A2CC58-43C7-4E7D-9347-14D344D69419}.Release|x86.Build.0 = Release|x86
		{C5A2CC58-43C7-4E7D-9347-14D344D69419}.Release|x86.Deploy.0 = Release|x86
		{1A8073FD-4B98-4D44-91FA-7CDBE752DAB5}.Debug|Any CPU.ActiveCfg = Debug|Any CPU
		{1A8073FD-4B98-4D44-91FA-7CDBE752DAB5}.Debug|Any CPU.Build.0 = Debug|Any CPU
		{1A8073FD-4B98-4D44-91FA-7CDBE752DAB5}.Debug|ARM.ActiveCfg = Debug|ARM
		{1A8073FD-4B98-4D44-91FA-7CDBE752DAB5}.Debug|ARM.Build.0 = Debug|ARM
		{1A8073FD-4B98-4D44-91FA-7CDBE752DAB5}.Debug|x64.ActiveCfg = Debug|Any CPU
		{1A8073FD-4B98-4D44-91FA-7CDBE752DAB5}.Debug|x86.ActiveCfg = Debug|x86
		{1A8073FD-4B98-4D44-91FA-7CDBE752DAB5}.Debug|x86.Build.0 = Debug|x86
		{1A8073FD-4B98-4D44-91FA-7CDBE752DAB5}.Release|Any CPU.ActiveCfg = Release|Any CPU
		{1A8073FD-4B98-4D44-91FA-7CDBE752DAB5}.Release|Any CPU.Build.0 = Release|Any CPU
		{1A8073FD-4B98-4D44-91FA-7CDBE752DAB5}.Release|ARM.ActiveCfg = Release|ARM
		{1A8073FD-4B98-4D44-91FA-7CDBE752DAB5}.Release|ARM.Build.0 = Release|ARM
		{1A8073FD-4B98-4D44-91FA-7CDBE752DAB5}.Release|x64.ActiveCfg = Release|Any CPU
		{1A8073FD-4B98-4D44-91FA-7CDBE752DAB5}.Release|x86.ActiveCfg = Release|x86
		{1A8073FD-4B98-4D44-91FA-7CDBE752DAB5}.Release|x86.Build.0 = Release|x86
		{04189912-3FBB-46B9-B7A4-A32DBA206ABB}.Debug|Any CPU.ActiveCfg = Debug|Any CPU
		{04189912-3FBB-46B9-B7A4-A32DBA206ABB}.Debug|Any CPU.Build.0 = Debug|Any CPU
		{04189912-3FBB-46B9-B7A4-A32DBA206ABB}.Debug|ARM.ActiveCfg = Debug|ARM
		{04189912-3FBB-46B9-B7A4-A32DBA206ABB}.Debug|ARM.Build.0 = Debug|ARM
		{04189912-3FBB-46B9-B7A4-A32DBA206ABB}.Debug|x64.ActiveCfg = Debug|x64
		{04189912-3FBB-46B9-B7A4-A32DBA206ABB}.Debug|x64.Build.0 = Debug|x64
		{04189912-3FBB-46B9-B7A4-A32DBA206ABB}.Debug|x86.ActiveCfg = Debug|x86
		{04189912-3FBB-46B9-B7A4-A32DBA206ABB}.Debug|x86.Build.0 = Debug|x86
		{04189912-3FBB-46B9-B7A4-A32DBA206ABB}.Release|Any CPU.ActiveCfg = Release|Any CPU
		{04189912-3FBB-46B9-B7A4-A32DBA206ABB}.Release|Any CPU.Build.0 = Release|Any CPU
		{04189912-3FBB-46B9-B7A4-A32DBA206ABB}.Release|ARM.ActiveCfg = Release|ARM
		{04189912-3FBB-46B9-B7A4-A32DBA206ABB}.Release|ARM.Build.0 = Release|ARM
		{04189912-3FBB-46B9-B7A4-A32DBA206ABB}.Release|x64.ActiveCfg = Release|x64
		{04189912-3FBB-46B9-B7A4-A32DBA206ABB}.Release|x64.Build.0 = Release|x64
		{04189912-3FBB-46B9-B7A4-A32DBA206ABB}.Release|x86.ActiveCfg = Release|x86
		{04189912-3FBB-46B9-B7A4-A32DBA206ABB}.Release|x86.Build.0 = Release|x86
	EndGlobalSection
	GlobalSection(SolutionProperties) = preSolution
		HideSolutionNode = FALSE
	EndGlobalSection
EndGlobal
